
Microsoft Visual Studio Solution File, Format Version 12.00
# Visual Studio Version 17
VisualStudioVersion = 17.13.35818.85 d17.13
MinimumVisualStudioVersion = 10.0.40219.1
Project("{FAE04EC0-301F-11D3-BF4B-00C04F79EFBC}") = "Stack", "Stack.csproj", "{5CA3CE1D-0542-41BB-AE73-CDF4A832CD39}"
EndProject
Global
	GlobalSection(SolutionConfigurationPlatforms) = preSolution
		Debug|Any CPU = Debug|Any CPU
		Release|Any CPU = Release|Any CPU
	EndGlobalSection
	GlobalSection(ProjectConfigurationPlatforms) = postSolution
		{5CA3CE1D-0542-41BB-AE73-CDF4A832CD39}.Debug|Any CPU.ActiveCfg = Debug|Any CPU
		{5CA3CE1D-0542-41BB-AE73-CDF4A832CD39}.Debug|Any CPU.Build.0 = Debug|Any CPU
		{5CA3CE1D-0542-41BB-AE73-CDF4A832CD39}.Release|Any CPU.ActiveCfg = Release|Any CPU
		{5CA3CE1D-0542-41BB-AE73-CDF4A832CD39}.Release|Any CPU.Build.0 = Release|Any CPU
	EndGlobalSection
	GlobalSection(SolutionProperties) = preSolution
		HideSolutionNode = FALSE
	EndGlobalSection
	GlobalSection(ExtensibilityGlobals) = postSolution
		SolutionGuid = {59132870-ADBA-4BD0-A4C7-385A28B86868}
	EndGlobalSection
EndGlobal
